
Microsoft Visual Studio Solution File, Format Version 12.00
# Visual Studio Version 16
VisualStudioVersion = 16.0.29806.167
MinimumVisualStudioVersion = 10.0.40219.1
Project("{FAE04EC0-301F-11D3-BF4B-00C04F79EFBC}") = "VeriparkTask", "VeriparkTask\VeriparkTask.csproj", "{A6EF5509-CDFF-4193-B131-D6CBB2F3BC43}"
EndProject
Global
	GlobalSection(SolutionConfigurationPlatforms) = preSolution
		Debug|Any CPU = Debug|Any CPU
		Release|Any CPU = Release|Any CPU
	EndGlobalSection
	GlobalSection(ProjectConfigurationPlatforms) = postSolution
		{A6EF5509-CDFF-4193-B131-D6CBB2F3BC43}.Debug|Any CPU.ActiveCfg = Debug|Any CPU
		{A6EF5509-CDFF-4193-B131-D6CBB2F3BC43}.Debug|Any CPU.Build.0 = Debug|Any CPU
		{A6EF5509-CDFF-4193-B131-D6CBB2F3BC43}.Release|Any CPU.ActiveCfg = Release|Any CPU
		{A6EF5509-CDFF-4193-B131-D6CBB2F3BC43}.Release|Any CPU.Build.0 = Release|Any CPU
	EndGlobalSection
	GlobalSection(SolutionProperties) = preSolution
		HideSolutionNode = FALSE
	EndGlobalSection
	GlobalSection(ExtensibilityGlobals) = postSolution
		SolutionGuid = {62F6A9F2-A7F6-436E-8DFB-172A50CC7878}
	EndGlobalSection
EndGlobal
